
Microsoft Visual Studio Solution File, Format Version 12.00
# Visual Studio 15
VisualStudioVersion = 15.0.27428.2037
MinimumVisualStudioVersion = 10.0.40219.1
Project("{8BC9CEB8-8B4A-11D0-8D11-00A0C91BC942}") = "GameEngine", "GameEngine\GameEngine.vcxproj", "{F97F4F74-4A7D-435C-AB99-3AB25A7443BB}"
EndProject
Project("{8BC9CEB8-8B4A-11D0-8D11-00A0C91BC942}") = "1_Cube", "1_Cube\1_Cube.vcxproj", "{DED16F6F-4B4C-477D-8081-AC7C0779CE60}"
EndProject
Global
	GlobalSection(SolutionConfigurationPlatforms) = preSolution
		Debug|x64 = Debug|x64
		Debug|x86 = Debug|x86
		Release|x64 = Release|x64
		Release|x86 = Release|x86
	EndGlobalSection
	GlobalSection(ProjectConfigurationPlatforms) = postSolution
		{F97F4F74-4A7D-435C-AB99-3AB25A7443BB}.Debug|x64.ActiveCfg = Debug|x64
		{F97F4F74-4A7D-435C-AB99-3AB25A7443BB}.Debug|x64.Build.0 = Debug|x64
		{F97F4F74-4A7D-435C-AB99-3AB25A7443BB}.Debug|x86.ActiveCfg = Debug|Win32
		{F97F4F74-4A7D-435C-AB99-3AB25A7443BB}.Debug|x86.Build.0 = Debug|Win32
		{F97F4F74-4A7D-435C-AB99-3AB25A7443BB}.Release|x64.ActiveCfg = Release|x64
		{F97F4F74-4A7D-435C-AB99-3AB25A7443BB}.Release|x64.Build.0 = Release|x64
		{F97F4F74-4A7D-435C-AB99-3AB25A7443BB}.Release|x86.ActiveCfg = Release|Win32
		{F97F4F74-4A7D-435C-AB99-3AB25A7443BB}.Release|x86.Build.0 = Release|Win32
		{DED16F6F-4B4C-477D-8081-AC7C0779CE60}.Debug|x64.ActiveCfg = Debug|x64
		{DED16F6F-4B4C-477D-8081-AC7C0779CE60}.Debug|x64.Build.0 = Debug|x64
		{DED16F6F-4B4C-477D-8081-AC7C0779CE60}.Debug|x86.ActiveCfg = Debug|Win32
		{DED16F6F-4B4C-477D-8081-AC7C0779CE60}.Debug|x86.Build.0 = Debug|Win32
		{DED16F6F-4B4C-477D-8081-AC7C0779CE60}.Release|x64.ActiveCfg = Release|x64
		{DED16F6F-4B4C-477D-8081-AC7C0779CE60}.Release|x64.Build.0 = Release|x64
		{DED16F6F-4B4C-477D-8081-AC7C0779CE60}.Release|x86.ActiveCfg = Release|Win32
		{DED16F6F-4B4C-477D-8081-AC7C0779CE60}.Release|x86.Build.0 = Release|Win32
	EndGlobalSection
	GlobalSection(SolutionProperties) = preSolution
		HideSolutionNode = FALSE
	EndGlobalSection
	GlobalSection(ExtensibilityGlobals) = postSolution
		SolutionGuid = {892A650F-416A-4F70-AAB9-4EC3F1E5E76F}
	EndGlobalSection
EndGlobal
